
Microsoft Visual Studio Solution File, Format Version 12.00
# Visual Studio Version 16
VisualStudioVersion = 16.0.31729.503
MinimumVisualStudioVersion = 10.0.40219.1
Project("{FAE04EC0-301F-11D3-BF4B-00C04F79EFBC}") = "VK.ITMO.WPF.L10", "VK.ITMO.WPF.L10\VK.ITMO.WPF.L10.csproj", "{86D79820-A0D7-4DE0-896C-37898611E45E}"
EndProject
Project("{FAE04EC0-301F-11D3-BF4B-00C04F79EFBC}") = "VK.ITMO.WPF.L11", "VK.ITMO.WPF.L11\VK.ITMO.WPF.L11.csproj", "{D034A2B3-C554-4827-A293-FB969C351334}"
EndProject
Project("{FAE04EC0-301F-11D3-BF4B-00C04F79EFBC}") = "VK.ITMO.WPF.L12", "VK.ITMO.WPF.L12\VK.ITMO.WPF.L12.csproj", "{C6591DEB-98F8-4775-AD16-5D02706E8CCA}"
EndProject
Project("{FAE04EC0-301F-11D3-BF4B-00C04F79EFBC}") = "VK.ITMO.WPF.L20", "VK.ITMO.WPF.L20\VK.ITMO.WPF.L20.csproj", "{0C00A872-0A59-4512-8B58-A076D42F73B7}"
EndProject
Project("{FAE04EC0-301F-11D3-BF4B-00C04F79EFBC}") = "VK.ITMO.WPF.L21", "VK.ITMO.WPF.L21\VK.ITMO.WPF.L21.csproj", "{21A9EAA8-4C18-412F-9B92-55E8CAFC8D1E}"
EndProject
Project("{FAE04EC0-301F-11D3-BF4B-00C04F79EFBC}") = "VK.ITMO.WPF.L90", "VK.ITMO.WPF.L90\VK.ITMO.WPF.L90.csproj", "{B738BB4E-C79A-4E09-9B4A-CA73F1D00091}"
EndProject
Global
	GlobalSection(SolutionConfigurationPlatforms) = preSolution
		Debug|Any CPU = Debug|Any CPU
		Release|Any CPU = Release|Any CPU
	EndGlobalSection
	GlobalSection(ProjectConfigurationPlatforms) = postSolution
		{86D79820-A0D7-4DE0-896C-37898611E45E}.Debug|Any CPU.ActiveCfg = Debug|Any CPU
		{86D79820-A0D7-4DE0-896C-37898611E45E}.Debug|Any CPU.Build.0 = Debug|Any CPU
		{86D79820-A0D7-4DE0-896C-37898611E45E}.Release|Any CPU.ActiveCfg = Release|Any CPU
		{86D79820-A0D7-4DE0-896C-37898611E45E}.Release|Any CPU.Build.0 = Release|Any CPU
		{D034A2B3-C554-4827-A293-FB969C351334}.Debug|Any CPU.ActiveCfg = Debug|Any CPU
		{D034A2B3-C554-4827-A293-FB969C351334}.Debug|Any CPU.Build.0 = Debug|Any CPU
		{D034A2B3-C554-4827-A293-FB969C351334}.Release|Any CPU.ActiveCfg = Release|Any CPU
		{D034A2B3-C554-4827-A293-FB969C351334}.Release|Any CPU.Build.0 = Release|Any CPU
		{C6591DEB-98F8-4775-AD16-5D02706E8CCA}.Debug|Any CPU.ActiveCfg = Debug|Any CPU
		{C6591DEB-98F8-4775-AD16-5D02706E8CCA}.Debug|Any CPU.Build.0 = Debug|Any CPU
		{C6591DEB-98F8-4775-AD16-5D02706E8CCA}.Release|Any CPU.ActiveCfg = Release|Any CPU
		{C6591DEB-98F8-4775-AD16-5D02706E8CCA}.Release|Any CPU.Build.0 = Release|Any CPU
		{0C00A872-0A59-4512-8B58-A076D42F73B7}.Debug|Any CPU.ActiveCfg = Debug|Any CPU
		{0C00A872-0A59-4512-8B58-A076D42F73B7}.Debug|Any CPU.Build.0 = Debug|Any CPU
		{0C00A872-0A59-4512-8B58-A076D42F73B7}.Release|Any CPU.ActiveCfg = Release|Any CPU
		{0C00A872-0A59-4512-8B58-A076D42F73B7}.Release|Any CPU.Build.0 = Release|Any CPU
		{21A9EAA8-4C18-412F-9B92-55E8CAFC8D1E}.Debug|Any CPU.ActiveCfg = Debug|Any CPU
		{21A9EAA8-4C18-412F-9B92-55E8CAFC8D1E}.Debug|Any CPU.Build.0 = Debug|Any CPU
		{21A9EAA8-4C18-412F-9B92-55E8CAFC8D1E}.Release|Any CPU.ActiveCfg = Release|Any CPU
		{21A9EAA8-4C18-412F-9B92-55E8CAFC8D1E}.Release|Any CPU.Build.0 = Release|Any CPU
		{B738BB4E-C79A-4E09-9B4A-CA73F1D00091}.Debug|Any CPU.ActiveCfg = Debug|Any CPU
		{B738BB4E-C79A-4E09-9B4A-CA73F1D00091}.Debug|Any CPU.Build.0 = Debug|Any CPU
		{B738BB4E-C79A-4E09-9B4A-CA73F1D00091}.Release|Any CPU.ActiveCfg = Release|Any CPU
		{B738BB4E-C79A-4E09-9B4A-CA73F1D00091}.Release|Any CPU.Build.0 = Release|Any CPU
	EndGlobalSection
	GlobalSection(SolutionProperties) = preSolution
		HideSolutionNode = FALSE
	EndGlobalSection
	GlobalSection(ExtensibilityGlobals) = postSolution
		SolutionGuid = {80BEF723-8013-4B2C-9AD6-489B0886A26E}
	EndGlobalSection
EndGlobal
